<?xml version="1.0" encoding="utf-8"?>
<Project ToolsVersion="4.0" xmlns="http://schemas.microsoft.com/developer/msbuild/2003">
  <ItemGroup>
    <Filter Include="Source Files">
      <UniqueIdentifier>{4FC737F1-C7A5-4376-A066-2A32D752A2FF}</UniqueIdentifier>
      <Extensions>cpp;c;cc;cxx;c++;cppm;ixx;def;odl;idl;hpj;bat;asm;asmx</Extensions>
    </Filter>
    <Filter Include="Header Files">
      <UniqueIdentifier>{93995380-89BD-4b04-88EB-625FBE52EBFB}</UniqueIdentifier>
      <Extensions>h;hh;hpp;hxx;h++;hm;inl;inc;ipp;xsd</Extensions>
    </Filter>
    <Filter Include="Resource Files">
      <UniqueIdentifier>{67DA6AB6-F800-4c08-8B7A-83BB121AAD01}</UniqueIdentifier>
      <Extensions>rc;ico;cur;bmp;dlg;rc2;rct;bin;rgs;gif;jpg;jpeg;jpe;resx;tiff;tif;png;wav;mfcribbon-ms</Extensions>
    </Filter>
  </ItemGroup>
  <ItemGroup>
    <ClCompile Include="src\Application.cpp">
      <Filter>Source Files</Filter>
    </ClCompile>
    <ClCompile Include="src\VertexBuffer.cpp">
      <Filter>Source Files</Filter>
    </ClCompile>
    <ClCompile Include="src\Window.cpp">
      <Filter>Source Files</Filter>
    </ClCompile>
    <ClCompile Include="src\Camera.cpp">
      <Filter>Source Files</Filter>
    </ClCompile>
    <ClCompile Include="src\Texture.cpp">
      <Filter>Source Files</Filter>
    </ClCompile>
    <ClCompile Include="src\Light.cpp">
      <Filter>Source Files</Filter>
    </ClCompile>
    <ClCompile Include="src\Material.cpp">
      <Filter>Source Files</Filter>
    </ClCompile>
    <ClCompile Include="src\Shader.cpp">
      <Filter>Source Files</Filter>
    </ClCompile>
    <ClCompile Include="src\DirectionalLight.cpp">
      <Filter>Source Files</Filter>
    </ClCompile>
    <ClCompile Include="src\PointLight.cpp">
      <Filter>Source Files</Filter>
    </ClCompile>
    <ClCompile Include="src\SpotLight.cpp">
      <Filter>Source Files</Filter>
    </ClCompile>
    <ClCompile Include="src\Model.cpp">
      <Filter>Source Files</Filter>
    </ClCompile>
    <ClCompile Include="src\ShadowMap.cpp">
      <Filter>Source Files</Filter>
    </ClCompile>
    <ClCompile Include="src\DirectionalShadowMap.cpp">
      <Filter>Source Files</Filter>
    </ClCompile>
    <ClCompile Include="src\OmniDirectionalShadowMap.cpp">
      <Filter>Source Files</Filter>
    </ClCompile>
  </ItemGroup>
  <ItemGroup>
    <ClInclude Include="src\VertexBuffer.h">
      <Filter>Header Files</Filter>
    </ClInclude>
    <ClInclude Include="src\Window.h">
      <Filter>Header Files</Filter>
    </ClInclude>
    <ClInclude Include="src\Camera.h">
      <Filter>Header Files</Filter>
    </ClInclude>
    <ClInclude Include="src\Texture.h">
      <Filter>Header Files</Filter>
    </ClInclude>
    <ClInclude Include="src\Light.h">
      <Filter>Header Files</Filter>
    </ClInclude>
    <ClInclude Include="src\Material.h">
      <Filter>Header Files</Filter>
    </ClInclude>
    <ClInclude Include="src\Shader.h">
      <Filter>Header Files</Filter>
    </ClInclude>
    <ClInclude Include="src\DirectionalLight.h">
      <Filter>Header Files</Filter>
    </ClInclude>
    <ClInclude Include="src\PointLight.h">
      <Filter>Header Files</Filter>
    </ClInclude>
    <ClInclude Include="src\SpotLight.h">
      <Filter>Header Files</Filter>
    </ClInclude>
    <ClInclude Include="src\Model.h">
      <Filter>Header Files</Filter>
    </ClInclude>
    <ClInclude Include="src\stb_image.h">
      <Filter>Header Files</Filter>
    </ClInclude>
    <ClInclude Include="src\GlobalValues.h">
      <Filter>Header Files</Filter>
    </ClInclude>
    <ClInclude Include="src\ShadowMap.h">
      <Filter>Header Files</Filter>
    </ClInclude>
    <ClInclude Include="src\DirectionalShadowMap.h">
      <Filter>Header Files</Filter>
    </ClInclude>
    <ClInclude Include="src\OmniDirectionalShadowMap.h">
      <Filter>Header Files</Filter>
    </ClInclude>
  </ItemGroup>
  <ItemGroup>
    <None Include="src\Shaders\vertex.shader" />
    <None Include="src\Shaders\fragment.shader" />
    <None Include="src\Shaders\directionalSMf.shader" />
    <None Include="src\Shaders\directionalSMv.shader" />
    <None Include="src\Shaders\omniDirectionalSMf.shader" />
    <None Include="src\Shaders\omniDirectionalSMg.shader" />
    <None Include="src\Shaders\omniDirectionalSMv.shader" />
  </ItemGroup>
  <ItemGroup>
    <Image Include="src\Textures\BIBBUMP.jpg">
      <Filter>Resource Files</Filter>
    </Image>
    <Image Include="src\Textures\brick.png">
      <Filter>Resource Files</Filter>
    </Image>
    <Image Include="src\Textures\cottage_diffuse.png">
      <Filter>Resource Files</Filter>
    </Image>
    <Image Include="src\Textures\dirt.png">
      <Filter>Resource Files</Filter>
    </Image>
    <Image Include="src\Textures\ENGINE.tga" />
    <Image Include="src\Textures\ENGINE2.tga" />
    <Image Include="src\Textures\FRC.jpg">
      <Filter>Resource Files</Filter>
    </Image>
    <Image Include="src\Textures\fuselage.jpg">
      <Filter>Resource Files</Filter>
    </Image>
    <Image Include="src\Textures\land.jpg">
      <Filter>Resource Files</Filter>
    </Image>
    <Image Include="src\Textures\LASER.tga" />
    <Image Include="src\Textures\Main_Def.tga" />
    <Image Include="src\Textures\Main_Nor.tga" />
    <Image Include="src\Textures\Main_Spec.tga" />
    <Image Include="src\Textures\Minigun_.tga" />
    <Image Include="src\Textures\Ministan.tga" />
    <Image Include="src\Textures\pal.jpg">
      <Filter>Resource Files</Filter>
    </Image>
    <Image Include="src\Textures\panel.jpg">
      <Filter>Resource Files</Filter>
    </Image>
    <Image Include="src\Textures\plain.png">
      <Filter>Resource Files</Filter>
    </Image>
    <Image Include="src\Textures\PLATEOX2.tga" />
    <Image Include="src\Textures\Plt.jpg">
      <Filter>Resource Files</Filter>
    </Image>
    <Image Include="src\Textures\REFMAP.gif">
      <Filter>Resource Files</Filter>
    </Image>
    <Image Include="src\Textures\Track_Al.tga" />
    <Image Include="src\Textures\Track_De.tga" />
    <Image Include="src\Textures\Track_No.tga" />
    <Image Include="src\Textures\Track_Sp.tga" />
    <Image Include="src\Textures\WINGBACK.tga" />
    <Image Include="src\Textures\WINGDOWN.tga" />
    <Image Include="src\Textures\WINGFRON.tga" />
    <Image Include="src\Textures\WINGTOP.tga" />
    <Image Include="src\Textures\XSIDE.tga" />
    <Image Include="src\Textures\XWBACK.tga" />
    <Image Include="src\Textures\XWDOWN.tga" />
    <Image Include="src\Textures\XWTOP.tga" />
    <Image Include="src\Textures\Camo\Main_Defuse.tga" />
  </ItemGroup>
</Project>